
Microsoft Visual Studio Solution File, Format Version 12.00
# Visual Studio Version 16
VisualStudioVersion = 16.0.29728.190
MinimumVisualStudioVersion = 10.0.40219.1
Project("{9A19103F-16F7-4668-BE54-9A1E7A4F7556}") = "BulkyBook", "BulkyBook\BulkyBook.csproj", "{05A58B73-2BF6-46FC-BC2B-5A79ED37AAE3}"
EndProject
Project("{FAE04EC0-301F-11D3-BF4B-00C04F79EFBC}") = "BulkyBook.DataAccess", "BulkyBook.DataAccess\BulkyBook.DataAccess.csproj", "{92B49866-CBFC-4EBE-80D9-B016E2519EBD}"
EndProject
Project("{FAE04EC0-301F-11D3-BF4B-00C04F79EFBC}") = "BulkyBook.Models", "BulkyBook.Models\BulkyBook.Models.csproj", "{7C22B418-C4B3-434D-9EF7-D0822B68DAC6}"
EndProject
Project("{FAE04EC0-301F-11D3-BF4B-00C04F79EFBC}") = "BulkyBook.Utility", "BulkyBook.Utility\BulkyBook.Utility.csproj", "{6BAFF61F-1C16-4908-A610-AC7B35A68F89}"
EndProject
Global
	GlobalSection(SolutionConfigurationPlatforms) = preSolution
		Debug|Any CPU = Debug|Any CPU
		Release|Any CPU = Release|Any CPU
	EndGlobalSection
	GlobalSection(ProjectConfigurationPlatforms) = postSolution
		{05A58B73-2BF6-46FC-BC2B-5A79ED37AAE3}.Debug|Any CPU.ActiveCfg = Debug|Any CPU
		{05A58B73-2BF6-46FC-BC2B-5A79ED37AAE3}.Debug|Any CPU.Build.0 = Debug|Any CPU
		{05A58B73-2BF6-46FC-BC2B-5A79ED37AAE3}.Release|Any CPU.ActiveCfg = Release|Any CPU
		{05A58B73-2BF6-46FC-BC2B-5A79ED37AAE3}.Release|Any CPU.Build.0 = Release|Any CPU
		{92B49866-CBFC-4EBE-80D9-B016E2519EBD}.Debug|Any CPU.ActiveCfg = Debug|Any CPU
		{92B49866-CBFC-4EBE-80D9-B016E2519EBD}.Debug|Any CPU.Build.0 = Debug|Any CPU
		{92B49866-CBFC-4EBE-80D9-B016E2519EBD}.Release|Any CPU.ActiveCfg = Release|Any CPU
		{92B49866-CBFC-4EBE-80D9-B016E2519EBD}.Release|Any CPU.Build.0 = Release|Any CPU
		{7C22B418-C4B3-434D-9EF7-D0822B68DAC6}.Debug|Any CPU.ActiveCfg = Debug|Any CPU
		{7C22B418-C4B3-434D-9EF7-D0822B68DAC6}.Debug|Any CPU.Build.0 = Debug|Any CPU
		{7C22B418-C4B3-434D-9EF7-D0822B68DAC6}.Release|Any CPU.ActiveCfg = Release|Any CPU
		{7C22B418-C4B3-434D-9EF7-D0822B68DAC6}.Release|Any CPU.Build.0 = Release|Any CPU
		{6BAFF61F-1C16-4908-A610-AC7B35A68F89}.Debug|Any CPU.ActiveCfg = Debug|Any CPU
		{6BAFF61F-1C16-4908-A610-AC7B35A68F89}.Debug|Any CPU.Build.0 = Debug|Any CPU
		{6BAFF61F-1C16-4908-A610-AC7B35A68F89}.Release|Any CPU.ActiveCfg = Release|Any CPU
		{6BAFF61F-1C16-4908-A610-AC7B35A68F89}.Release|Any CPU.Build.0 = Release|Any CPU
	EndGlobalSection
	GlobalSection(SolutionProperties) = preSolution
		HideSolutionNode = FALSE
	EndGlobalSection
	GlobalSection(ExtensibilityGlobals) = postSolution
		SolutionGuid = {7C9409EE-B937-41C5-9295-E697F9520AAB}
	EndGlobalSection
EndGlobal
